{
  "name": "playwright-extractor",
  "version": "1.0.0",
  "lockfileVersion": 3,
  "requires": true,
  "packages": {
    "": {
      "name": "playwright-extractor",
      "version": "1.0.0",
      "dependencies": {
        "express": "^4.18.2",
        "playwright": "1.52.0"
      }
    },
    "node_modules/accepts": {
      "version": "1.3.8",
      "resolved": "https://registry.npmjs.org/accepts/-/accepts-1.3.8.tgz",
      "integrity": "sha512-r0/AA7aNhtmrSNep7XUgEwzTROoZ6WLalHEwzVzX1/gQKRQqQV15bJ8/+6SGv7iy2VLIpULv1JQ6KoAl3/9eOg==",
      "dependencies": {
        "mime-types": "~2.1.24",
        "negotiator": "0.6.3"
      }
    },
    "node_modules/array-flatten": {
      "version": "1.1.1",
      "resolved": "https://registry.npmjs.org/array-flatten/-/array-flatten-1.1.1.tgz",
      "integrity": "sha512-p50yD3FV0HuCczSndP9lRdxgKzfv4/7U81Fjh7C8HtBDQ4P/6VRb3WzCQwqn0PZcLlFFS18qD1Mt2v+RLb0nFg=="
    },
    "node_modules/body-parser": {
      "version": "1.20.2",
      "resolved": "https://registry.npmjs.org/body-parser/-/body-parser-1.20.2.tgz",
      "integrity": "sha512-9v8XBQTa0T0ZhOxuWQXriRZc5lkbEwSttRZzJ93coyx7ElJjOKHCz3r2nF5U6uykQF17Y8FvYmJpRp0N/9LIaQ==",
      "dependencies": {
        "bytes": "3.1.2",
        "content-type": "~1.0.4",
        "debug": "2.6.9",
        "depd": "~1.1.2",
        "http-errors": "1.8.3",
        "iconv-lite": "0.4.24",
        "on-finished": "2.4.1",
        "qs": "6.11.0",
        "raw-body": "2.5.1",
        "type-is": "~1.6.18"
      }
    },
    "node_modules/debug": {
      "version": "2.6.9",
      "resolved": "https://registry.npmjs.org/debug/-/debug-2.6.9.tgz",
      "integrity": "sha512-ITRYfHVPx2I6dB6x3qMRpQeEO7FnW6bHkTRjXyZjqxztm0uQzLvZ9kMdkIe1cEuNRu+lwT2zvX8EqKLRU8zYIQ==",
      "dependencies": {
        "ms": "2.0.0"
      }
    },
    "node_modules/express": {
      "version": "4.18.2",
      "resolved": "https://registry.npmjs.org/express/-/express-4.18.2.tgz",
      "integrity": "sha512-uG5ZnGBTXZtHQox4H4V7Uv9t04N7f3KUjk/nQVKQ2MP6q8PhbX0Ou45r7CjEiTfq30el9bqj7BtTbQ/wmfnUog==",
      "dependencies": {
        "accepts": "~1.3.8",
        "array-flatten": "1.1.1",
        "body-parser": "1.20.2",
        "content-disposition": "0.5.4",
        "content-type": "~1.0.4",
        "cookie": "0.5.0",
        "cookie-signature": "1.0.6",
        "debug": "2.6.9",
        "depd": "1.1.2",
        "encodeurl": "~1.0.2",
        "escape-html": "~1.0.3",
        "etag": "~1.8.1",
        "finalhandler": "1.2.0",
        "fresh": "0.5.2",
        "merge-descriptors": "1.0.1",
        "methods": "~1.1.2",
        "on-finished": "2.4.1",
        "parseurl": "~1.3.3",
        "path-to-regexp": "0.1.7",
        "proxy-addr": "~2.0.7",
        "qs": "6.11.0",
        "range-parser": "~1.2.1",
        "safe-buffer": "5.2.1",
        "send": "0.18.0",
        "serve-static": "1.15.0",
        "setprototypeof": "1.2.0",
        "statuses": "~1.5.0",
        "type-is": "~1.6.18",
        "utils-merge": "1.0.1",
        "vary": "~1.1.2"
      }
    },
    "node_modules/playwright": {
      "version": "1.52.0",
      "resolved": "https://registry.npmjs.org/playwright/-/playwright-1.52.0.tgz",
      "integrity": "sha512-nLCZHo4hcH95i4eTiW9QQDnbLxAok76n1+v8kBXOF4kp3NdQZ9l8Gv/fmiLIf8nXjpM6DY6z3r5lkLKZxRiNJA==",
      "hasInstallScript": true,
      "dependencies": {
        "debug": "^4.3.4",
        "minimatch": "^5.1.0",
        "progress": "^2.0.3",
        "ws": "^8.13.0"
      }
    }
  },
  "dependencies": {
    "express": {
      "version": "4.18.2",
      "resolved": "https://registry.npmjs.org/express/-/express-4.18.2.tgz",
      "integrity": "sha512-uG5ZnGBTXZtHQox4H4V7Uv9t04N7f3KUjk/nQVKQ2MP6q8PhbX0Ou45r7CjEiTfq30el9bqj7BtTbQ/wmfnUog=="
    },
    "playwright": {
      "version": "1.52.0",
      "resolved": "https://registry.npmjs.org/playwright/-/playwright-1.52.0.tgz",
      "integrity": "sha512-nLCZHo4hcH95i4eTiW9QQDnbLxAok76n1+v8kBXOF4kp3NdQZ9l8Gv/fmiLIf8nXjpM6DY6z3r5lkLKZxRiNJA==",
      "hasInstallScript": true
    }
  }
}
