{
  "name": "playwright-extractor",
  "version": "1.0.0",
  "lockfileVersion": 3,
  "requires": true,
  "packages": {
    "": {
      "name": "playwright-extractor",
      "version": "1.0.0",
      "license": "MIT",
      "dependencies": {
        "express": "^4.18.2",
        "playwright": "^1.42.0"
      }
    },
    "node_modules/accepts": {
      "version": "1.3.8",
      "resolved": "https://registry.npmjs.org/accepts/-/accepts-1.3.8.tgz",
      "integrity": "sha512-c+NTh0mpP7ddh3bMnvqxnpq1zAjUdZMPN6hI65iqePLukTYd+8kX9QkiVZCsHlGZqgkCgbJJ3ABJkxgWaCvF2A==",
      "dependencies": {
        "mime-types": "~2.1.34",
        "negotiator": "0.6.3"
      }
    },
    ...
    "node_modules/playwright": {
      "version": "1.42.0",
      "resolved": "https://registry.npmjs.org/playwright/-/playwright-1.42.0.tgz",
      "integrity": "sha512-mockhash==",
      "hasInstallScript": true
    }
  },
  "dependencies": {
    "express": {
      "version": "4.18.2",
      "resolved": "https://registry.npmjs.org/express/-/express-4.18.2.tgz",
      "integrity": "sha512-xyz123=="
    },
    "playwright": {
      "version": "1.42.0",
      "resolved": "https://registry.npmjs.org/playwright/-/playwright-1.42.0.tgz",
      "integrity": "sha512-mockhash==",
      "hasInstallScript": true
    }
  }
}
